
Microsoft Visual Studio Solution File, Format Version 12.00
# Visual Studio Version 16
VisualStudioVersion = 16.0.30114.105
MinimumVisualStudioVersion = 10.0.40219.1
Project("{FAE04EC0-301F-11D3-BF4B-00C04F79EFBC}") = "VA.MyTrips.Service", "src\VA.MyTrips.Service\VA.MyTrips.Service.csproj", "{B6145EBF-2B5E-462C-A2F2-88466E6C30B0}"
EndProject
Project("{FAE04EC0-301F-11D3-BF4B-00C04F79EFBC}") = "VA.MyTrips.Business", "src\VA.MyTrips.Business\VA.MyTrips.Business.csproj", "{A6A2CB51-04C2-487E-957D-4C15CEF8535B}"
EndProject
Project("{FAE04EC0-301F-11D3-BF4B-00C04F79EFBC}") = "VA.MyTrips.Data", "src\VA.MyTrips.Data\VA.MyTrips.Data.csproj", "{C0A51D50-C9E8-4E27-9C81-076E5B525A3C}"
EndProject
Global
	GlobalSection(SolutionConfigurationPlatforms) = preSolution
		Debug|Any CPU = Debug|Any CPU
		Release|Any CPU = Release|Any CPU
	EndGlobalSection
	GlobalSection(ProjectConfigurationPlatforms) = postSolution
		{B6145EBF-2B5E-462C-A2F2-88466E6C30B0}.Debug|Any CPU.ActiveCfg = Debug|Any CPU
		{B6145EBF-2B5E-462C-A2F2-88466E6C30B0}.Debug|Any CPU.Build.0 = Debug|Any CPU
		{B6145EBF-2B5E-462C-A2F2-88466E6C30B0}.Release|Any CPU.ActiveCfg = Release|Any CPU
		{B6145EBF-2B5E-462C-A2F2-88466E6C30B0}.Release|Any CPU.Build.0 = Release|Any CPU
		{A6A2CB51-04C2-487E-957D-4C15CEF8535B}.Debug|Any CPU.ActiveCfg = Debug|Any CPU
		{A6A2CB51-04C2-487E-957D-4C15CEF8535B}.Debug|Any CPU.Build.0 = Debug|Any CPU
		{A6A2CB51-04C2-487E-957D-4C15CEF8535B}.Release|Any CPU.ActiveCfg = Release|Any CPU
		{A6A2CB51-04C2-487E-957D-4C15CEF8535B}.Release|Any CPU.Build.0 = Release|Any CPU
		{C0A51D50-C9E8-4E27-9C81-076E5B525A3C}.Debug|Any CPU.ActiveCfg = Debug|Any CPU
		{C0A51D50-C9E8-4E27-9C81-076E5B525A3C}.Debug|Any CPU.Build.0 = Debug|Any CPU
		{C0A51D50-C9E8-4E27-9C81-076E5B525A3C}.Release|Any CPU.ActiveCfg = Release|Any CPU
		{C0A51D50-C9E8-4E27-9C81-076E5B525A3C}.Release|Any CPU.Build.0 = Release|Any CPU
	EndGlobalSection
	GlobalSection(SolutionProperties) = preSolution
		HideSolutionNode = FALSE
	EndGlobalSection
	GlobalSection(ExtensibilityGlobals) = postSolution
		SolutionGuid = {0EB6B423-E827-4E55-9135-DF8C0DFADEB4}
	EndGlobalSection
EndGlobal
